{
  "version": 4,
  "terraform_version": "1.4.6",
  "serial": 1,
  "lineage": "73f93468-5bd7-2fad-5359-a3e7fee672dc",
  "outputs": {},
  "resources": [
    {
      "mode": "managed",
      "type": "github_repository",
      "name": "repo_using_terraform",
      "provider": "provider[\"registry.terraform.io/hashicorp/github\"]",
      "instances": [
        {
          "schema_version": 1,
          "attributes": {
            "allow_auto_merge": false,
            "allow_merge_commit": true,
            "allow_rebase_merge": true,
            "allow_squash_merge": true,
            "allow_update_branch": false,
            "archive_on_destroy": null,
            "archived": false,
            "auto_init": true,
            "default_branch": "main",
            "delete_branch_on_merge": false,
            "description": "Testting terraform for creating a github repository",
            "etag": "W/\"7371ce027cc1040634f35ab79d7a82e1341f1a2f9f89cdf7eaee9fe1ccf1478b\"",
            "full_name": "nisar512/repo_using_terraform",
            "git_clone_url": "git://github.com/nisar512/repo_using_terraform.git",
            "gitignore_template": null,
            "has_discussions": false,
            "has_downloads": false,
            "has_issues": false,
            "has_projects": false,
            "has_wiki": false,
            "homepage_url": "",
            "html_url": "https://github.com/nisar512/repo_using_terraform",
            "http_clone_url": "https://github.com/nisar512/repo_using_terraform.git",
            "id": "repo_using_terraform",
            "ignore_vulnerability_alerts_during_read": null,
            "is_template": false,
            "license_template": null,
            "merge_commit_message": "PR_TITLE",
            "merge_commit_title": "MERGE_MESSAGE",
            "name": "repo_using_terraform",
            "node_id": "R_kgDOJnGeGA",
            "pages": [],
            "private": false,
            "repo_id": 644980248,
            "security_and_analysis": [
              {
                "advanced_security": [],
                "secret_scanning": [
                  {
                    "status": "disabled"
                  }
                ],
                "secret_scanning_push_protection": [
                  {
                    "status": "disabled"
                  }
                ]
              }
            ],
            "squash_merge_commit_message": "COMMIT_MESSAGES",
            "squash_merge_commit_title": "COMMIT_OR_PR_TITLE",
            "ssh_clone_url": "git@github.com:nisar512/repo_using_terraform.git",
            "svn_url": "https://github.com/nisar512/repo_using_terraform",
            "template": [],
            "topics": null,
            "visibility": "public",
            "vulnerability_alerts": false
          },
          "sensitive_attributes": [],
          "private": "eyJzY2hlbWFfdmVyc2lvbiI6IjEifQ=="
        }
      ]
    }
  ],
  "check_results": null
}
